
Microsoft Visual Studio Solution File, Format Version 12.00
# Visual Studio 15
Project("{FAE04EC0-301F-11D3-BF4B-00C04F79EFBC}") = "InworldAI", "InworldAI.csproj", "{ECD7F295-B40A-B7CE-65DF-03FFF51B475A}"
EndProject
Project("{FAE04EC0-301F-11D3-BF4B-00C04F79EFBC}") = "Siccity.GLTFUtility", "Siccity.GLTFUtility.csproj", "{516AC522-BB15-FEDD-E30E-55EF10D47363}"
EndProject
Project("{FAE04EC0-301F-11D3-BF4B-00C04F79EFBC}") = "Assembly-CSharp", "Assembly-CSharp.csproj", "{21926A72-418E-4EC2-4617-A0B95FBC6016}"
EndProject
Project("{FAE04EC0-301F-11D3-BF4B-00C04F79EFBC}") = "Unity.AI.Navigation.Samples", "Unity.AI.Navigation.Samples.csproj", "{F33004AC-BC68-B416-669B-4AE8120D8EAF}"
EndProject
Project("{FAE04EC0-301F-11D3-BF4B-00C04F79EFBC}") = "Dracodec", "Dracodec.csproj", "{812AED93-EF46-F206-C484-4DD9A6817F8B}"
EndProject
Project("{FAE04EC0-301F-11D3-BF4B-00C04F79EFBC}") = "Siccity.GLTFUtility.Editor", "Siccity.GLTFUtility.Editor.csproj", "{2A2C5256-6EE7-1CEA-B62F-196E842FDF44}"
EndProject
Project("{FAE04EC0-301F-11D3-BF4B-00C04F79EFBC}") = "Unity.AI.Navigation.Samples.Initialization.Editor", "Unity.AI.Navigation.Samples.Initialization.Editor.csproj", "{D7C9C90B-D13B-E620-1F2C-134740193E45}"
EndProject
Global
	GlobalSection(SolutionConfigurationPlatforms) = preSolution
		Debug|Any CPU = Debug|Any CPU
		Release|Any CPU = Release|Any CPU
	EndGlobalSection
	GlobalSection(ProjectConfigurationPlatforms) = postSolution
		{ECD7F295-B40A-B7CE-65DF-03FFF51B475A}.Debug|Any CPU.ActiveCfg = Debug|Any CPU
		{ECD7F295-B40A-B7CE-65DF-03FFF51B475A}.Debug|Any CPU.Build.0 = Debug|Any CPU
		{ECD7F295-B40A-B7CE-65DF-03FFF51B475A}.Release|Any CPU.ActiveCfg = Release|Any CPU
		{ECD7F295-B40A-B7CE-65DF-03FFF51B475A}.Release|Any CPU.Build.0 = Release|Any CPU
		{516AC522-BB15-FEDD-E30E-55EF10D47363}.Debug|Any CPU.ActiveCfg = Debug|Any CPU
		{516AC522-BB15-FEDD-E30E-55EF10D47363}.Debug|Any CPU.Build.0 = Debug|Any CPU
		{516AC522-BB15-FEDD-E30E-55EF10D47363}.Release|Any CPU.ActiveCfg = Release|Any CPU
		{516AC522-BB15-FEDD-E30E-55EF10D47363}.Release|Any CPU.Build.0 = Release|Any CPU
		{21926A72-418E-4EC2-4617-A0B95FBC6016}.Debug|Any CPU.ActiveCfg = Debug|Any CPU
		{21926A72-418E-4EC2-4617-A0B95FBC6016}.Debug|Any CPU.Build.0 = Debug|Any CPU
		{21926A72-418E-4EC2-4617-A0B95FBC6016}.Release|Any CPU.ActiveCfg = Release|Any CPU
		{21926A72-418E-4EC2-4617-A0B95FBC6016}.Release|Any CPU.Build.0 = Release|Any CPU
		{F33004AC-BC68-B416-669B-4AE8120D8EAF}.Debug|Any CPU.ActiveCfg = Debug|Any CPU
		{F33004AC-BC68-B416-669B-4AE8120D8EAF}.Debug|Any CPU.Build.0 = Debug|Any CPU
		{F33004AC-BC68-B416-669B-4AE8120D8EAF}.Release|Any CPU.ActiveCfg = Release|Any CPU
		{F33004AC-BC68-B416-669B-4AE8120D8EAF}.Release|Any CPU.Build.0 = Release|Any CPU
		{812AED93-EF46-F206-C484-4DD9A6817F8B}.Debug|Any CPU.ActiveCfg = Debug|Any CPU
		{812AED93-EF46-F206-C484-4DD9A6817F8B}.Debug|Any CPU.Build.0 = Debug|Any CPU
		{812AED93-EF46-F206-C484-4DD9A6817F8B}.Release|Any CPU.ActiveCfg = Release|Any CPU
		{812AED93-EF46-F206-C484-4DD9A6817F8B}.Release|Any CPU.Build.0 = Release|Any CPU
		{2A2C5256-6EE7-1CEA-B62F-196E842FDF44}.Debug|Any CPU.ActiveCfg = Debug|Any CPU
		{2A2C5256-6EE7-1CEA-B62F-196E842FDF44}.Debug|Any CPU.Build.0 = Debug|Any CPU
		{2A2C5256-6EE7-1CEA-B62F-196E842FDF44}.Release|Any CPU.ActiveCfg = Release|Any CPU
		{2A2C5256-6EE7-1CEA-B62F-196E842FDF44}.Release|Any CPU.Build.0 = Release|Any CPU
		{D7C9C90B-D13B-E620-1F2C-134740193E45}.Debug|Any CPU.ActiveCfg = Debug|Any CPU
		{D7C9C90B-D13B-E620-1F2C-134740193E45}.Debug|Any CPU.Build.0 = Debug|Any CPU
		{D7C9C90B-D13B-E620-1F2C-134740193E45}.Release|Any CPU.ActiveCfg = Release|Any CPU
		{D7C9C90B-D13B-E620-1F2C-134740193E45}.Release|Any CPU.Build.0 = Release|Any CPU
	EndGlobalSection
	GlobalSection(SolutionProperties) = preSolution
		HideSolutionNode = FALSE
	EndGlobalSection
EndGlobal
